
Microsoft Visual Studio Solution File, Format Version 12.00
# Visual Studio 15
VisualStudioVersion = 15.0.26403.0
MinimumVisualStudioVersion = 10.0.40219.1
Project("{FAE04EC0-301F-11D3-BF4B-00C04F79EFBC}") = "ApiWebNorthwind", "ApiWebNorthwind\ApiWebNorthwind.csproj", "{ED41EBE4-F5F4-4365-8993-5DFEA1C6A4CC}"
EndProject
Project("{FAE04EC0-301F-11D3-BF4B-00C04F79EFBC}") = "ConectData", "ConectData\ConectData.csproj", "{FC8AB75C-6EAC-4309-8352-5C96B860EA23}"
EndProject
Global
	GlobalSection(SolutionConfigurationPlatforms) = preSolution
		Debug|Any CPU = Debug|Any CPU
		Release|Any CPU = Release|Any CPU
	EndGlobalSection
	GlobalSection(ProjectConfigurationPlatforms) = postSolution
		{ED41EBE4-F5F4-4365-8993-5DFEA1C6A4CC}.Debug|Any CPU.ActiveCfg = Debug|Any CPU
		{ED41EBE4-F5F4-4365-8993-5DFEA1C6A4CC}.Debug|Any CPU.Build.0 = Debug|Any CPU
		{ED41EBE4-F5F4-4365-8993-5DFEA1C6A4CC}.Release|Any CPU.ActiveCfg = Release|Any CPU
		{ED41EBE4-F5F4-4365-8993-5DFEA1C6A4CC}.Release|Any CPU.Build.0 = Release|Any CPU
		{FC8AB75C-6EAC-4309-8352-5C96B860EA23}.Debug|Any CPU.ActiveCfg = Debug|Any CPU
		{FC8AB75C-6EAC-4309-8352-5C96B860EA23}.Debug|Any CPU.Build.0 = Debug|Any CPU
		{FC8AB75C-6EAC-4309-8352-5C96B860EA23}.Release|Any CPU.ActiveCfg = Release|Any CPU
		{FC8AB75C-6EAC-4309-8352-5C96B860EA23}.Release|Any CPU.Build.0 = Release|Any CPU
	EndGlobalSection
	GlobalSection(SolutionProperties) = preSolution
		HideSolutionNode = FALSE
	EndGlobalSection
EndGlobal
